
Microsoft Visual Studio Solution File, Format Version 12.00
# Visual Studio Version 17
VisualStudioVersion = 17.9.34714.143
MinimumVisualStudioVersion = 10.0.40219.1
Project("{FAE04EC0-301F-11D3-BF4B-00C04F79EFBC}") = "DemoEntityframeWork", "DemoEntityframeWork\DemoEntityframeWork.csproj", "{997D1BFE-858F-4E9A-A6E0-71C1830E8659}"
EndProject
Global
	GlobalSection(SolutionConfigurationPlatforms) = preSolution
		Debug|Any CPU = Debug|Any CPU
		Release|Any CPU = Release|Any CPU
	EndGlobalSection
	GlobalSection(ProjectConfigurationPlatforms) = postSolution
		{997D1BFE-858F-4E9A-A6E0-71C1830E8659}.Debug|Any CPU.ActiveCfg = Debug|Any CPU
		{997D1BFE-858F-4E9A-A6E0-71C1830E8659}.Debug|Any CPU.Build.0 = Debug|Any CPU
		{997D1BFE-858F-4E9A-A6E0-71C1830E8659}.Release|Any CPU.ActiveCfg = Release|Any CPU
		{997D1BFE-858F-4E9A-A6E0-71C1830E8659}.Release|Any CPU.Build.0 = Release|Any CPU
	EndGlobalSection
	GlobalSection(SolutionProperties) = preSolution
		HideSolutionNode = FALSE
	EndGlobalSection
	GlobalSection(ExtensibilityGlobals) = postSolution
		SolutionGuid = {D72CCE15-7372-4899-AF78-FE08F21535FA}
	EndGlobalSection
EndGlobal
